
Microsoft Visual Studio Solution File, Format Version 12.00
# Visual Studio Version 16
VisualStudioVersion = 16.0.34114.132
MinimumVisualStudioVersion = 10.0.40219.1
Project("{F2A71F9B-5D33-465A-A702-920D77279786}") = "HAck game", "HAck game\HAck game.fsproj", "{4F00F7DB-3C56-4B55-9858-1F47B6D3EC83}"
EndProject
Global
	GlobalSection(SolutionConfigurationPlatforms) = preSolution
		Debug|iPhone = Debug|iPhone
		Debug|iPhoneSimulator = Debug|iPhoneSimulator
		Release|iPhone = Release|iPhone
		Release|iPhoneSimulator = Release|iPhoneSimulator
	EndGlobalSection
	GlobalSection(ProjectConfigurationPlatforms) = postSolution
		{4F00F7DB-3C56-4B55-9858-1F47B6D3EC83}.Debug|iPhone.ActiveCfg = Debug|iPhone
		{4F00F7DB-3C56-4B55-9858-1F47B6D3EC83}.Debug|iPhone.Build.0 = Debug|iPhone
		{4F00F7DB-3C56-4B55-9858-1F47B6D3EC83}.Debug|iPhoneSimulator.ActiveCfg = Debug|iPhoneSimulator
		{4F00F7DB-3C56-4B55-9858-1F47B6D3EC83}.Debug|iPhoneSimulator.Build.0 = Debug|iPhoneSimulator
		{4F00F7DB-3C56-4B55-9858-1F47B6D3EC83}.Release|iPhone.ActiveCfg = Release|iPhone
		{4F00F7DB-3C56-4B55-9858-1F47B6D3EC83}.Release|iPhone.Build.0 = Release|iPhone
		{4F00F7DB-3C56-4B55-9858-1F47B6D3EC83}.Release|iPhoneSimulator.ActiveCfg = Release|iPhoneSimulator
		{4F00F7DB-3C56-4B55-9858-1F47B6D3EC83}.Release|iPhoneSimulator.Build.0 = Release|iPhoneSimulator
	EndGlobalSection
	GlobalSection(SolutionProperties) = preSolution
		HideSolutionNode = FALSE
	EndGlobalSection
	GlobalSection(ExtensibilityGlobals) = postSolution
		SolutionGuid = {60109E10-4914-486E-9927-692E54A24855}
	EndGlobalSection
EndGlobal
